// !$*UTF8*$!
{
	archiveVersion = 1;
	classes = {
	};
	objectVersion = 50;
	objects = {

/* Begin PBXBuildFile section */
		C6D2766823F2D7E70056EE2E /* AppDelegate.swift in Sources */ = {isa = PBXBuildFile; fileRef = C6D2766723F2D7E70056EE2E /* AppDelegate.swift */; };
		C6D2766A23F2D7E70056EE2E /* SceneDelegate.swift in Sources */ = {isa = PBXBuildFile; fileRef = C6D2766923F2D7E70056EE2E /* SceneDelegate.swift */; };
		C6D2766C23F2D7E70056EE2E /* ContentView.swift in Sources */ = {isa = PBXBuildFile; fileRef = C6D2766B23F2D7E70056EE2E /* ContentView.swift */; };
		C6D2766E23F2D7E90056EE2E /* Assets.xcassets in Resources */ = {isa = PBXBuildFile; fileRef = C6D2766D23F2D7E90056EE2E /* Assets.xcassets */; };
		C6D2767123F2D7E90056EE2E /* Preview Assets.xcassets in Resources */ = {isa = PBXBuildFile; fileRef = C6D2767023F2D7E90056EE2E /* Preview Assets.xcassets */; };
		C6D2767423F2D7E90056EE2E /* LaunchScreen.storyboard in Resources */ = {isa = PBXBuildFile; fileRef = C6D2767223F2D7E90056EE2E /* LaunchScreen.storyboard */; };
/* End PBXBuildFile section */

/* Begin PBXFileReference section */
		C6D2766423F2D7E70056EE2E /* SwiftUIDrawer.app */ = {isa = PBXFileReference; explicitFileType = wrapper.application; includeInIndex = 0; path = SwiftUIDrawer.app; sourceTree = BUILT_PRODUCTS_DIR; };
		C6D2766723F2D7E70056EE2E /* AppDelegate.swift */ = {isa = PBXFileReference; lastKnownFileType = sourcecode.swift; path = AppDelegate.swift; sourceTree = "<group>"; };
		C6D2766923F2D7E70056EE2E /* SceneDelegate.swift */ = {isa = PBXFileReference; lastKnownFileType = sourcecode.swift; path = SceneDelegate.swift; sourceTree = "<group>"; };
		C6D2766B23F2D7E70056EE2E /* ContentView.swift */ = {isa = PBXFileReference; lastKnownFileType = sourcecode.swift; path = ContentView.swift; sourceTree = "<group>"; };
		C6D2766D23F2D7E90056EE2E /* Assets.xcassets */ = {isa = PBXFileReference; lastKnownFileType = folder.assetcatalog; path = Assets.xcassets; sourceTree = "<group>"; };
		C6D2767023F2D7E90056EE2E /* Preview Assets.xcassets */ = {isa = PBXFileReference; lastKnownFileType = folder.assetcatalog; path = "Preview Assets.xcassets"; sourceTree = "<group>"; };
		C6D2767323F2D7E90056EE2E /* Base */ = {isa = PBXFileReference; lastKnownFileType = file.storyboard; name = Base; path = Base.lproj/LaunchScreen.storyboard; sourceTree = "<group>"; };
		C6D2767523F2D7E90056EE2E /* Info.plist */ = {isa = PBXFileReference; lastKnownFileType = text.plist.xml; path = Info.plist; sourceTree = "<group>"; };
/* End PBXFileReference section */

/* Begin PBXFrameworksBuildPhase section */
		C6D2766123F2D7E70056EE2E /* Frameworks */ = {
			isa = PBXFrameworksBuildPhase;
			buildActionMask = 2147483647;
			files = (
			);
			runOnlyForDeploymentPostprocessing = 0;
		};
/* End PBXFrameworksBuildPhase section */

/* Begin PBXGroup section */
		C6D2765B23F2D7E70056EE2E = {
			isa = PBXGroup;
			children = (
				C6D2766623F2D7E70056EE2E /* SwiftUIDrawer */,
				C6D2766523F2D7E70056EE2E /* Products */,
			);
			sourceTree = "<group>";
		};
		C6D2766523F2D7E70056EE2E /* Products */ = {
			isa = PBXGroup;
			children = (
				C6D2766423F2D7E70056EE2E /* SwiftUIDrawer.app */,
			);
			name = Products;
			sourceTree = "<group>";
		};
		C6D2766623F2D7E70056EE2E /* SwiftUIDrawer */ = {
			isa = PBXGroup;
			children = (
				C6D2766723F2D7E70056EE2E /* AppDelegate.swift */,
				C6D2766923F2D7E70056EE2E /* SceneDelegate.swift */,
				C6D2766B23F2D7E70056EE2E /* ContentView.swift */,
				C6D2766D23F2D7E90056EE2E /* Assets.xcassets */,
				C6D2767223F2D7E90056EE2E /* LaunchScreen.storyboard */,
				C6D2767523F2D7E90056EE2E /* Info.plist */,
				C6D2766F23F2D7E90056EE2E /* Preview Content */,
			);
			path = SwiftUIDrawer;
			sourceTree = "<group>";
		};
		C6D2766F23F2D7E90056EE2E /* Preview Content */ = {
			isa = PBXGroup;
			children = (
				C6D2767023F2D7E90056EE2E /* Preview Assets.xcassets */,
			);
			path = "Preview Content";
			sourceTree = "<group>";
		};
/* End PBXGroup section */

/* Begin PBXNativeTarget section */
		C6D2766323F2D7E70056EE2E /* SwiftUIDrawer */ = {
			isa = PBXNativeTarget;
			buildConfigurationList = C6D2767823F2D7E90056EE2E /* Build configuration list for PBXNativeTarget "SwiftUIDrawer" */;
			buildPhases = (
				C6D2766023F2D7E70056EE2E /* Sources */,
				C6D2766123F2D7E70056EE2E /* Frameworks */,
				C6D2766223F2D7E70056EE2E /* Resources */,
			);
			buildRules = (
			);
			dependencies = (
			);
			name = SwiftUIDrawer;
			productName = SwiftUIDrawer;
			productReference = C6D2766423F2D7E70056EE2E /* SwiftUIDrawer.app */;
			productType = "com.apple.product-type.application";
		};
/* End PBXNativeTarget section */

/* Begin PBXProject section */
		C6D2765C23F2D7E70056EE2E /* Project object */ = {
			isa = PBXProject;
			attributes = {
				LastSwiftUpdateCheck = 1130;
				LastUpgradeCheck = 1130;
				ORGANIZATIONNAME = "Jakub Slawecki";
				TargetAttributes = {
					C6D2766323F2D7E70056EE2E = {
						CreatedOnToolsVersion = 11.3.1;
					};
				};
			};
			buildConfigurationList = C6D2765F23F2D7E70056EE2E /* Build configuration list for PBXProject "SwiftUIDrawer" */;
			compatibilityVersion = "Xcode 9.3";
			developmentRegion = en;
			hasScannedForEncodings = 0;
			knownRegions = (
				en,
				Base,
			);
			mainGroup = C6D2765B23F2D7E70056EE2E;
			productRefGroup = C6D2766523F2D7E70056EE2E /* Products */;
			projectDirPath = "";
			projectRoot = "";
			targets = (
				C6D2766323F2D7E70056EE2E /* SwiftUIDrawer */,
			);
		};
/* End PBXProject section */

/* Begin PBXResourcesBuildPhase section */
		C6D2766223F2D7E70056EE2E /* Resources */ = {
			isa = PBXResourcesBuildPhase;
			buildActionMask = 2147483647;
			files = (
				C6D2767423F2D7E90056EE2E /* LaunchScreen.storyboard in Resources */,
				C6D2767123F2D7E90056EE2E /* Preview Assets.xcassets in Resources */,
				C6D2766E23F2D7E90056EE2E /* Assets.xcassets in Resources */,
			);
			runOnlyForDeploymentPostprocessing = 0;
		};
/* End PBXResourcesBuildPhase section */

/* Begin PBXSourcesBuildPhase section */
		C6D2766023F2D7E70056EE2E /* Sources */ = {
			isa = PBXSourcesBuildPhase;
			buildActionMask = 2147483647;
			files = (
				C6D2766823F2D7E70056EE2E /* AppDelegate.swift in Sources */,
				C6D2766A23F2D7E70056EE2E /* SceneDelegate.swift in Sources */,
				C6D2766C23F2D7E70056EE2E /* ContentView.swift in Sources */,
			);
			runOnlyForDeploymentPostprocessing = 0;
		};
/* End PBXSourcesBuildPhase section */

/* Begin PBXVariantGroup section */
		C6D2767223F2D7E90056EE2E /* LaunchScreen.storyboard */ = {
			isa = PBXVariantGroup;
			children = (
				C6D2767323F2D7E90056EE2E /* Base */,
			);
			name = LaunchScreen.storyboard;
			sourceTree = "<group>";
		};
/* End PBXVariantGroup section */

/* Begin XCBuildConfiguration section */
		C6D2767623F2D7E90056EE2E /* Debug */ = {
			isa = XCBuildConfiguration;
			buildSettings = {
				ALWAYS_SEARCH_USER_PATHS = NO;
				CLANG_ANALYZER_NONNULL = YES;
				CLANG_ANALYZER_NUMBER_OBJECT_CONVERSION = YES_AGGRESSIVE;
				CLANG_CXX_LANGUAGE_STANDARD = "gnu++14";
				CLANG_CXX_LIBRARY = "libc++";
				CLANG_ENABLE_MODULES = YES;
				CLANG_ENABLE_OBJC_ARC = YES;
				CLANG_ENABLE_OBJC_WEAK = YES;
				CLANG_WARN_BLOCK_CAPTURE_AUTORELEASING = YES;
				CLANG_WARN_BOOL_CONVERSION = YES;
				CLANG_WARN_COMMA = YES;
				CLANG_WARN_CONSTANT_CONVERSION = YES;
				CLANG_WARN_DEPRECATED_OBJC_IMPLEMENTATIONS = YES;
				CLANG_WARN_DIRECT_OBJC_ISA_USAGE = YES_ERROR;
				CLANG_WARN_DOCUMENTATION_COMMENTS = YES;
				CLANG_WARN_EMPTY_BODY = YES;
				CLANG_WARN_ENUM_CONVERSION = YES;
				CLANG_WARN_INFINITE_RECURSION = YES;
				CLANG_WARN_INT_CONVERSION = YES;
				CLANG_WARN_NON_LITERAL_NULL_CONVERSION = YES;
				CLANG_WARN_OBJC_IMPLICIT_RETAIN_SELF = YES;
				CLANG_WARN_OBJC_LITERAL_CONVERSION = YES;
				CLANG_WARN_OBJC_ROOT_CLASS = YES_ERROR;
				CLANG_WARN_RANGE_LOOP_ANALYSIS = YES;
				CLANG_WARN_STRICT_PROTOTYPES = YES;
				CLANG_WARN_SUSPICIOUS_MOVE = YES;
				CLANG_WARN_UNGUARDED_AVAILABILITY = YES_AGGRESSIVE;
				CLANG_WARN_UNREACHABLE_CODE = YES;
				CLANG_WARN__DUPLICATE_METHOD_MATCH = YES;
				COPY_PHASE_STRIP = NO;
				DEBUG_INFORMATION_FORMAT = dwarf;
				ENABLE_STRICT_OBJC_MSGSEND = YES;
				ENABLE_TESTABILITY = YES;
				GCC_C_LANGUAGE_STANDARD = gnu11;
				GCC_DYNAMIC_NO_PIC = NO;
				GCC_NO_COMMON_BLOCKS = YES;
				GCC_OPTIMIZATION_LEVEL = 0;
				GCC_PREPROCESSOR_DEFINITIONS = (
					"DEBUG=1",
					"$(inherited)",
				);
				GCC_WARN_64_TO_32_BIT_CONVERSION = YES;
				GCC_WARN_ABOUT_RETURN_TYPE = YES_ERROR;
				GCC_WARN_UNDECLARED_SELECTOR = YES;
				GCC_WARN_UNINITIALIZED_AUTOS = YES_AGGRESSIVE;
				GCC_WARN_UNUSED_FUNCTION = YES;
				GCC_WARN_UNUSED_VARIABLE = YES;
				IPHONEOS_DEPLOYMENT_TARGET = 13.2;
				MTL_ENABLE_DEBUG_INFO = INCLUDE_SOURCE;
				MTL_FAST_MATH = YES;
				ONLY_ACTIVE_ARCH = YES;
				SDKROOT = iphoneos;
				SWIFT_ACTIVE_COMPILATION_CONDITIONS = DEBUG;
				SWIFT_OPTIMIZATION_LEVEL = "-Onone";
			};
			name = Debug;
		};
		C6D2767723F2D7E90056EE2E /* Release */ = {
			isa = XCBuildConfiguration;
			buildSettings = {
				ALWAYS_SEARCH_USER_PATHS = NO;
				CLANG_ANALYZER_NONNULL = YES;
				CLANG_ANALYZER_NUMBER_OBJECT_CONVERSION = YES_AGGRESSIVE;
				CLANG_CXX_LANGUAGE_STANDARD = "gnu++14";
				CLANG_CXX_LIBRARY = "libc++";
				CLANG_ENABLE_MODULES = YES;
				CLANG_ENABLE_OBJC_ARC = YES;
				CLANG_ENABLE_OBJC_WEAK = YES;
				CLANG_WARN_BLOCK_CAPTURE_AUTORELEASING = YES;
				CLANG_WARN_BOOL_CONVERSION = YES;
				CLANG_WARN_COMMA = YES;
				CLANG_WARN_CONSTANT_CONVERSION = YES;
				CLANG_WARN_DEPRECATED_OBJC_IMPLEMENTATIONS = YES;
				CLANG_WARN_DIRECT_OBJC_ISA_USAGE = YES_ERROR;
				CLANG_WARN_DOCUMENTATION_COMMENTS = YES;
				CLANG_WARN_EMPTY_BODY = YES;
				CLANG_WARN_ENUM_CONVERSION = YES;
				CLANG_WARN_INFINITE_RECURSION = YES;
				CLANG_WARN_INT_CONVERSION = YES;
				CLANG_WARN_NON_LITERAL_NULL_CONVERSION = YES;
				CLANG_WARN_OBJC_IMPLICIT_RETAIN_SELF = YES;
				CLANG_WARN_OBJC_LITERAL_CONVERSION = YES;
				CLANG_WARN_OBJC_ROOT_CLASS = YES_ERROR;
				CLANG_WARN_RANGE_LOOP_ANALYSIS = YES;
				CLANG_WARN_STRICT_PROTOTYPES = YES;
				CLANG_WARN_SUSPICIOUS_MOVE = YES;
				CLANG_WARN_UNGUARDED_AVAILABILITY = YES_AGGRESSIVE;
				CLANG_WARN_UNREACHABLE_CODE = YES;
				CLANG_WARN__DUPLICATE_METHOD_MATCH = YES;
				COPY_PHASE_STRIP = NO;
				DEBUG_INFORMATION_FORMAT = "dwarf-with-dsym";
				ENABLE_NS_ASSERTIONS = NO;
				ENABLE_STRICT_OBJC_MSGSEND = YES;
				GCC_C_LANGUAGE_STANDARD = gnu11;
				GCC_NO_COMMON_BLOCKS = YES;
				GCC_WARN_64_TO_32_BIT_CONVERSION = YES;
				GCC_WARN_ABOUT_RETURN_TYPE = YES_ERROR;
				GCC_WARN_UNDECLARED_SELECTOR = YES;
				GCC_WARN_UNINITIALIZED_AUTOS = YES_AGGRESSIVE;
				GCC_WARN_UNUSED_FUNCTION = YES;
				GCC_WARN_UNUSED_VARIABLE = YES;
				IPHONEOS_DEPLOYMENT_TARGET = 13.2;
				MTL_ENABLE_DEBUG_INFO = NO;
				MTL_FAST_MATH = YES;
				SDKROOT = iphoneos;
				SWIFT_COMPILATION_MODE = wholemodule;
				SWIFT_OPTIMIZATION_LEVEL = "-O";
				VALIDATE_PRODUCT = YES;
			};
			name = Release;
		};
		C6D2767923F2D7E90056EE2E /* Debug */ = {
			isa = XCBuildConfiguration;
			buildSettings = {
				ASSETCATALOG_COMPILER_APPICON_NAME = AppIcon;
				CODE_SIGN_STYLE = Automatic;
				DEVELOPMENT_ASSET_PATHS = "\"SwiftUIDrawer/Preview Content\"";
				DEVELOPMENT_TEAM = TNJ5QF4LT5;
				ENABLE_PREVIEWS = YES;
				INFOPLIST_FILE = SwiftUIDrawer/Info.plist;
				LD_RUNPATH_SEARCH_PATHS = (
					"$(inherited)",
					"@executable_path/Frameworks",
				);
				PRODUCT_BUNDLE_IDENTIFIER = "Jakub-Slawecki.SwiftUIDrawer";
				PRODUCT_NAME = "$(TARGET_NAME)";
				SWIFT_VERSION = 5.0;
				TARGETED_DEVICE_FAMILY = "1,2";
			};
			name = Debug;
		};
		C6D2767A23F2D7E90056EE2E /* Release */ = {
			isa = XCBuildConfiguration;
			buildSettings = {
				ASSETCATALOG_COMPILER_APPICON_NAME = AppIcon;
				CODE_SIGN_STYLE = Automatic;
				DEVELOPMENT_ASSET_PATHS = "\"SwiftUIDrawer/Preview Content\"";
				DEVELOPMENT_TEAM = TNJ5QF4LT5;
				ENABLE_PREVIEWS = YES;
				INFOPLIST_FILE = SwiftUIDrawer/Info.plist;
				LD_RUNPATH_SEARCH_PATHS = (
					"$(inherited)",
					"@executable_path/Frameworks",
				);
				PRODUCT_BUNDLE_IDENTIFIER = "Jakub-Slawecki.SwiftUIDrawer";
				PRODUCT_NAME = "$(TARGET_NAME)";
				SWIFT_VERSION = 5.0;
				TARGETED_DEVICE_FAMILY = "1,2";
			};
			name = Release;
		};
/* End XCBuildConfiguration section */

/* Begin XCConfigurationList section */
		C6D2765F23F2D7E70056EE2E /* Build configuration list for PBXProject "SwiftUIDrawer" */ = {
			isa = XCConfigurationList;
			buildConfigurations = (
				C6D2767623F2D7E90056EE2E /* Debug */,
				C6D2767723F2D7E90056EE2E /* Release */,
			);
			defaultConfigurationIsVisible = 0;
			defaultConfigurationName = Release;
		};
		C6D2767823F2D7E90056EE2E /* Build configuration list for PBXNativeTarget "SwiftUIDrawer" */ = {
			isa = XCConfigurationList;
			buildConfigurations = (
				C6D2767923F2D7E90056EE2E /* Debug */,
				C6D2767A23F2D7E90056EE2E /* Release */,
			);
			defaultConfigurationIsVisible = 0;
			defaultConfigurationName = Release;
		};
/* End XCConfigurationList section */
	};
	rootObject = C6D2765C23F2D7E70056EE2E /* Project object */;
}
